
Microsoft Visual Studio Solution File, Format Version 12.00
# Visual Studio Version 16
VisualStudioVersion = 16.0.30104.148
MinimumVisualStudioVersion = 10.0.40219.1
Project("{FAE04EC0-301F-11D3-BF4B-00C04F79EFBC}") = "CoreApiFundamentals", "CoreApiFundamentals.csproj", "{796AE4B4-325B-4553-A2E7-DAF10D25A524}"
EndProject
Global
	GlobalSection(SolutionConfigurationPlatforms) = preSolution
		Debug|Any CPU = Debug|Any CPU
		Release|Any CPU = Release|Any CPU
	EndGlobalSection
	GlobalSection(ProjectConfigurationPlatforms) = postSolution
		{796AE4B4-325B-4553-A2E7-DAF10D25A524}.Debug|Any CPU.ActiveCfg = Debug|Any CPU
		{796AE4B4-325B-4553-A2E7-DAF10D25A524}.Debug|Any CPU.Build.0 = Debug|Any CPU
		{796AE4B4-325B-4553-A2E7-DAF10D25A524}.Release|Any CPU.ActiveCfg = Release|Any CPU
		{796AE4B4-325B-4553-A2E7-DAF10D25A524}.Release|Any CPU.Build.0 = Release|Any CPU
	EndGlobalSection
	GlobalSection(SolutionProperties) = preSolution
		HideSolutionNode = FALSE
	EndGlobalSection
	GlobalSection(ExtensibilityGlobals) = postSolution
		SolutionGuid = {0DDC6F5C-F87D-443B-B234-8D73E1DC7CEA}
	EndGlobalSection
EndGlobal
